// !$*UTF8*$!
{
	archiveVersion = 1;
	classes = {
	};
	objectVersion = 50;
	objects = {

/* Begin PBXBuildFile section */
		014CEF11223C326800F2FC8E /* ContactCollectionViewCell.swift in Sources */ = {isa = PBXBuildFile; fileRef = 014CEF10223C326800F2FC8E /* ContactCollectionViewCell.swift */; };
		01777D6E220B35B400D51EC4 /* EditProfileViewController.swift in Sources */ = {isa = PBXBuildFile; fileRef = 01777D6D220B35B400D51EC4 /* EditProfileViewController.swift */; };
		01B7C3572236A23600381DCD /* ContactViewController.swift in Sources */ = {isa = PBXBuildFile; fileRef = 01B7C3562236A23600381DCD /* ContactViewController.swift */; };
		01B7C3592236A2C500381DCD /* AccountViewCoontroller.swift in Sources */ = {isa = PBXBuildFile; fileRef = 01B7C3582236A2C500381DCD /* AccountViewCoontroller.swift */; };
		01B7C35B2236B3A300381DCD /* CustomerTabBar.swift in Sources */ = {isa = PBXBuildFile; fileRef = 01B7C35A2236B3A300381DCD /* CustomerTabBar.swift */; };
		01CD8595224A32F900E1D40F /* ProfileServicesCell.swift in Sources */ = {isa = PBXBuildFile; fileRef = 01CD8594224A32F900E1D40F /* ProfileServicesCell.swift */; };
		01CD8597224A48B300E1D40F /* ProfileServicesViewController.swift in Sources */ = {isa = PBXBuildFile; fileRef = 01CD8596224A48B200E1D40F /* ProfileServicesViewController.swift */; };
		01CD859A224AD56900E1D40F /* BPRegisterTests.swift in Sources */ = {isa = PBXBuildFile; fileRef = 01CD8599224AD56900E1D40F /* BPRegisterTests.swift */; };
		01E097B921FBB19100DB85D4 /* DetailsViewController.swift in Sources */ = {isa = PBXBuildFile; fileRef = 01E097B821FBB19100DB85D4 /* DetailsViewController.swift */; };
		4C2CDAAC224BEB1E00641044 /* BGMViewController.swift in Sources */ = {isa = PBXBuildFile; fileRef = 4C2CDAAB224BEB1E00641044 /* BGMViewController.swift */; };
		4C2CDAB2224D7CA700641044 /* bpinfo.swift in Sources */ = {isa = PBXBuildFile; fileRef = 4C2CDAB1224D7CA700641044 /* bpinfo.swift */; };
		4C391311220C84F200BC55D8 /* MapKit.framework in Frameworks */ = {isa = PBXBuildFile; fileRef = 4C391310220C84F200BC55D8 /* MapKit.framework */; };
		4C6D626821F48A4F00087370 /* MapViewController.swift in Sources */ = {isa = PBXBuildFile; fileRef = 4C6D626721F48A4F00087370 /* MapViewController.swift */; };
		4C6E0796223C4688003B9967 /* SearchCell.swift in Sources */ = {isa = PBXBuildFile; fileRef = 4C6E0795223C4688003B9967 /* SearchCell.swift */; };
		4CEDD41F2249602300E3227B /* ProfileServicesTableViewController.swift in Sources */ = {isa = PBXBuildFile; fileRef = 4CEDD41E2249602300E3227B /* ProfileServicesTableViewController.swift */; };
		4CEDD421224962E600E3227B /* CustomCell.swift in Sources */ = {isa = PBXBuildFile; fileRef = 4CEDD420224962E600E3227B /* CustomCell.swift */; };
		581073F42266BC5A000C9F45 /* RatingViewController.swift in Sources */ = {isa = PBXBuildFile; fileRef = 581073F32266BC5A000C9F45 /* RatingViewController.swift */; };
		5889CE958FED8A050B0F294E /* Pods_Beauty_God_MotherTests.framework in Frameworks */ = {isa = PBXBuildFile; fileRef = EAB59A83EF87A5DAB24E7AA9 /* Pods_Beauty_God_MotherTests.framework */; };
		5B16A01C21DFB0A70022DDE7 /* AppDelegate.swift in Sources */ = {isa = PBXBuildFile; fileRef = 5B16A01B21DFB0A70022DDE7 /* AppDelegate.swift */; };
		5B16A01E21DFB0A70022DDE7 /* ViewController.swift in Sources */ = {isa = PBXBuildFile; fileRef = 5B16A01D21DFB0A70022DDE7 /* ViewController.swift */; };
		5B16A02121DFB0A70022DDE7 /* Main.storyboard in Resources */ = {isa = PBXBuildFile; fileRef = 5B16A01F21DFB0A70022DDE7 /* Main.storyboard */; };
		5B16A02321DFB0AA0022DDE7 /* Assets.xcassets in Resources */ = {isa = PBXBuildFile; fileRef = 5B16A02221DFB0AA0022DDE7 /* Assets.xcassets */; };
		5B16A02621DFB0AA0022DDE7 /* LaunchScreen.storyboard in Resources */ = {isa = PBXBuildFile; fileRef = 5B16A02421DFB0AA0022DDE7 /* LaunchScreen.storyboard */; };
		5B16A03C21DFB0AA0022DDE7 /* Beauty_God_MotherUITests.swift in Sources */ = {isa = PBXBuildFile; fileRef = 5B16A03B21DFB0AA0022DDE7 /* Beauty_God_MotherUITests.swift */; };
		5B16A04A21DFB1F90022DDE7 /* GoogleService-Info.plist in Resources */ = {isa = PBXBuildFile; fileRef = 5B16A04921DFB1F90022DDE7 /* GoogleService-Info.plist */; };
		5B16A04E21DFC9AB0022DDE7 /* RBViewController.swift in Sources */ = {isa = PBXBuildFile; fileRef = 5B16A04D21DFC9AB0022DDE7 /* RBViewController.swift */; };
		5B16A05021DFC9C10022DDE7 /* SPViewController.swift in Sources */ = {isa = PBXBuildFile; fileRef = 5B16A04F21DFC9C10022DDE7 /* SPViewController.swift */; };
		5B1C212D223730DC00E69DF3 /* Firebase_Extension.swift in Sources */ = {isa = PBXBuildFile; fileRef = 5B1C212C223730DC00E69DF3 /* Firebase_Extension.swift */; };
		5B21B48F224C6CAF00F2FAD5 /* FeaturedViewController.swift in Sources */ = {isa = PBXBuildFile; fileRef = 5B21B48E224C6CAF00F2FAD5 /* FeaturedViewController.swift */; };
		5B21B491224C768D00F2FAD5 /* ProfileViewController.swift in Sources */ = {isa = PBXBuildFile; fileRef = 5B21B490224C768D00F2FAD5 /* ProfileViewController.swift */; };
		5B2E244322159E5D00F21E29 /* Extension+Database.swift in Sources */ = {isa = PBXBuildFile; fileRef = 5B2E244222159E5D00F21E29 /* Extension+Database.swift */; };
		5B2E24452215A3A600F21E29 /* RootViewController.swift in Sources */ = {isa = PBXBuildFile; fileRef = 5B2E24442215A3A600F21E29 /* RootViewController.swift */; };
		5B3DDBAE224C5C30003E799C /* profile.json in Resources */ = {isa = PBXBuildFile; fileRef = 5B3DDBAD224C5C30003E799C /* profile.json */; };
		5B3DDBB0224C5D5C003E799C /* DataProvider.swift in Sources */ = {isa = PBXBuildFile; fileRef = 5B3DDBAF224C5D5C003E799C /* DataProvider.swift */; };
		5B3DDBB4224C5EA8003E799C /* SearchViewController.swift in Sources */ = {isa = PBXBuildFile; fileRef = 5B3DDBB3224C5EA8003E799C /* SearchViewController.swift */; };
		5B6A73A722158E6D00E506DC /* User.swift in Sources */ = {isa = PBXBuildFile; fileRef = 5B6A73A622158E6D00E506DC /* User.swift */; };
		5B6A73AA2215964800E506DC /* ProviderTabBar.swift in Sources */ = {isa = PBXBuildFile; fileRef = 5B6A73A92215964800E506DC /* ProviderTabBar.swift */; };
		5BB5EEEC224C466A00D0742E /* Profile.swift in Sources */ = {isa = PBXBuildFile; fileRef = 5BB5EEEB224C466A00D0742E /* Profile.swift */; };
		5BF5E5F7224AFB95000D4986 /* UserLoginTests.swift in Sources */ = {isa = PBXBuildFile; fileRef = 5BF5E5F6224AFB95000D4986 /* UserLoginTests.swift */; };
		5BF67D322245001700AC61E0 /* CustomViewController.swift in Sources */ = {isa = PBXBuildFile; fileRef = 5BF67D312245001700AC61E0 /* CustomViewController.swift */; };
		5BF67D342245002500AC61E0 /* StandardViewController.swift in Sources */ = {isa = PBXBuildFile; fileRef = 5BF67D332245002500AC61E0 /* StandardViewController.swift */; };
		5BF67D362245003300AC61E0 /* ApplePayViewController.swift in Sources */ = {isa = PBXBuildFile; fileRef = 5BF67D352245003300AC61E0 /* ApplePayViewController.swift */; };
		68FC856096471068AC3E1B4E /* Pods_Beauty_God_Mother.framework in Frameworks */ = {isa = PBXBuildFile; fileRef = 3AC7137FDBF8C98CB8F38344 /* Pods_Beauty_God_Mother.framework */; };
		AE2942F021F2832D00D629EA /* RegistrationService.swift in Sources */ = {isa = PBXBuildFile; fileRef = AE2942EF21F2832D00D629EA /* RegistrationService.swift */; };
		AE29B29421EBEE3800B19FFF /* MainViewController.swift in Sources */ = {isa = PBXBuildFile; fileRef = AE29B29321EBEE3800B19FFF /* MainViewController.swift */; };
		AE29B29821EBEE9A00B19FFF /* CustomerRegisterTests.swift in Sources */ = {isa = PBXBuildFile; fileRef = AE29B29721EBEE9A00B19FFF /* CustomerRegisterTests.swift */; };
		AE29B29A21EBEF6800B19FFF /* ConfirmationVC.swift in Sources */ = {isa = PBXBuildFile; fileRef = AE29B29921EBEF6800B19FFF /* ConfirmationVC.swift */; };
		CC0BDCD3225B7B3300440554 /* Booking2ViewController.swift in Sources */ = {isa = PBXBuildFile; fileRef = CC0BDCD2225B7B3300440554 /* Booking2ViewController.swift */; };
		CC0BDCD5225B7BCD00440554 /* dateCollectionViewCell.swift in Sources */ = {isa = PBXBuildFile; fileRef = CC0BDCD4225B7BCD00440554 /* dateCollectionViewCell.swift */; };
		CC0BDCD7225B7DE800440554 /* Calendar2Vars.swift in Sources */ = {isa = PBXBuildFile; fileRef = CC0BDCD6225B7DE800440554 /* Calendar2Vars.swift */; };
		CC0EC084224CE5AC004FA5F9 /* Registration2ViewController.swift in Sources */ = {isa = PBXBuildFile; fileRef = CC0EC083224CE5AC004FA5F9 /* Registration2ViewController.swift */; };
		CC23DF1C226603B100DC0920 /* PaymentConfirmationViewController.swift in Sources */ = {isa = PBXBuildFile; fileRef = CC23DF1B226603B100DC0920 /* PaymentConfirmationViewController.swift */; };
		CC24B0E8221ED1BA00ADEFCC /* ContactDetailsViewController.swift in Sources */ = {isa = PBXBuildFile; fileRef = CC24B0E7221ED1BA00ADEFCC /* ContactDetailsViewController.swift */; };
		CC62D3C72212F593004FB434 /* ForgotPassword.swift in Sources */ = {isa = PBXBuildFile; fileRef = CC62D3C62212F593004FB434 /* ForgotPassword.swift */; };
		CC660EC42225DD39008D6E25 /* ConnectionsSPViewController.swift in Sources */ = {isa = PBXBuildFile; fileRef = CC660EC32225DD39008D6E25 /* ConnectionsSPViewController.swift */; };
		CC793C0F22253A8B00266734 /* ServicesTableViewController.swift in Sources */ = {isa = PBXBuildFile; fileRef = CC793C0E22253A8B00266734 /* ServicesTableViewController.swift */; };
		CC9F38122244C389003A7436 /* PaymentViewController.swift in Sources */ = {isa = PBXBuildFile; fileRef = CC9F38112244C389003A7436 /* PaymentViewController.swift */; };
		CCA91949220C7A1C00672E6F /* ConfirmationDetailsBP.swift in Sources */ = {isa = PBXBuildFile; fileRef = CCA91948220C7A1C00672E6F /* ConfirmationDetailsBP.swift */; };
		CCF35067223178B6007DB408 /* ServicesViewController.swift in Sources */ = {isa = PBXBuildFile; fileRef = CCF35066223178B6007DB408 /* ServicesViewController.swift */; };
		CCFA3E9F221AD2D700B160EF /* profilePictureViewController.swift in Sources */ = {isa = PBXBuildFile; fileRef = CCFA3E9E221AD2D700B160EF /* profilePictureViewController.swift */; };
/* End PBXBuildFile section */

/* Begin PBXContainerItemProxy section */
		5B16A02D21DFB0AA0022DDE7 /* PBXContainerItemProxy */ = {
			isa = PBXContainerItemProxy;
			containerPortal = 5B16A01021DFB0A70022DDE7 /* Project object */;
			proxyType = 1;
			remoteGlobalIDString = 5B16A01721DFB0A70022DDE7;
			remoteInfo = "Beauty God Mother";
		};
		5B16A03821DFB0AA0022DDE7 /* PBXContainerItemProxy */ = {
			isa = PBXContainerItemProxy;
			containerPortal = 5B16A01021DFB0A70022DDE7 /* Project object */;
			proxyType = 1;
			remoteGlobalIDString = 5B16A01721DFB0A70022DDE7;
			remoteInfo = "Beauty God Mother";
		};
/* End PBXContainerItemProxy section */

/* Begin PBXFileReference section */
		014CEF10223C326800F2FC8E /* ContactCollectionViewCell.swift */ = {isa = PBXFileReference; lastKnownFileType = sourcecode.swift; path = ContactCollectionViewCell.swift; sourceTree = "<group>"; };
		01777D6D220B35B400D51EC4 /* EditProfileViewController.swift */ = {isa = PBXFileReference; lastKnownFileType = sourcecode.swift; path = EditProfileViewController.swift; sourceTree = "<group>"; };
		01B7C3562236A23600381DCD /* ContactViewController.swift */ = {isa = PBXFileReference; lastKnownFileType = sourcecode.swift; path = ContactViewController.swift; sourceTree = "<group>"; };
		01B7C3582236A2C500381DCD /* AccountViewCoontroller.swift */ = {isa = PBXFileReference; lastKnownFileType = sourcecode.swift; path = AccountViewCoontroller.swift; sourceTree = "<group>"; };
		01B7C35A2236B3A300381DCD /* CustomerTabBar.swift */ = {isa = PBXFileReference; lastKnownFileType = sourcecode.swift; path = CustomerTabBar.swift; sourceTree = "<group>"; };
		01CD8594224A32F900E1D40F /* ProfileServicesCell.swift */ = {isa = PBXFileReference; lastKnownFileType = sourcecode.swift; path = ProfileServicesCell.swift; sourceTree = "<group>"; };
		01CD8596224A48B200E1D40F /* ProfileServicesViewController.swift */ = {isa = PBXFileReference; lastKnownFileType = sourcecode.swift; path = ProfileServicesViewController.swift; sourceTree = "<group>"; };
		01CD8599224AD56900E1D40F /* BPRegisterTests.swift */ = {isa = PBXFileReference; lastKnownFileType = sourcecode.swift; path = BPRegisterTests.swift; sourceTree = "<group>"; };
		01E097B821FBB19100DB85D4 /* DetailsViewController.swift */ = {isa = PBXFileReference; lastKnownFileType = sourcecode.swift; path = DetailsViewController.swift; sourceTree = "<group>"; };
		1B9D4DE3D2073187C01E22B1 /* Pods-Beauty God MotherTests.release.xcconfig */ = {isa = PBXFileReference; includeInIndex = 1; lastKnownFileType = text.xcconfig; name = "Pods-Beauty God MotherTests.release.xcconfig"; path = "Pods/Target Support Files/Pods-Beauty God MotherTests/Pods-Beauty God MotherTests.release.xcconfig"; sourceTree = "<group>"; };
		3AC7137FDBF8C98CB8F38344 /* Pods_Beauty_God_Mother.framework */ = {isa = PBXFileReference; explicitFileType = wrapper.framework; includeInIndex = 0; path = Pods_Beauty_God_Mother.framework; sourceTree = BUILT_PRODUCTS_DIR; };
		4C2CDAAB224BEB1E00641044 /* BGMViewController.swift */ = {isa = PBXFileReference; lastKnownFileType = sourcecode.swift; path = BGMViewController.swift; sourceTree = "<group>"; };
		4C2CDAB1224D7CA700641044 /* bpinfo.swift */ = {isa = PBXFileReference; lastKnownFileType = sourcecode.swift; path = bpinfo.swift; sourceTree = "<group>"; };
		4C391310220C84F200BC55D8 /* MapKit.framework */ = {isa = PBXFileReference; lastKnownFileType = wrapper.framework; name = MapKit.framework; path = System/Library/Frameworks/MapKit.framework; sourceTree = SDKROOT; };
		4C6D626721F48A4F00087370 /* MapViewController.swift */ = {isa = PBXFileReference; lastKnownFileType = sourcecode.swift; path = MapViewController.swift; sourceTree = "<group>"; };
		4C6E0795223C4688003B9967 /* SearchCell.swift */ = {isa = PBXFileReference; lastKnownFileType = sourcecode.swift; path = SearchCell.swift; sourceTree = "<group>"; };
		4CEDD41E2249602300E3227B /* ProfileServicesTableViewController.swift */ = {isa = PBXFileReference; lastKnownFileType = sourcecode.swift; path = ProfileServicesTableViewController.swift; sourceTree = "<group>"; };
		4CEDD420224962E600E3227B /* CustomCell.swift */ = {isa = PBXFileReference; lastKnownFileType = sourcecode.swift; path = CustomCell.swift; sourceTree = "<group>"; };
		581073F32266BC5A000C9F45 /* RatingViewController.swift */ = {isa = PBXFileReference; lastKnownFileType = sourcecode.swift; path = RatingViewController.swift; sourceTree = "<group>"; };
		5B16A01821DFB0A70022DDE7 /* Beauty God Mother.app */ = {isa = PBXFileReference; explicitFileType = wrapper.application; includeInIndex = 0; path = "Beauty God Mother.app"; sourceTree = BUILT_PRODUCTS_DIR; };
		5B16A01B21DFB0A70022DDE7 /* AppDelegate.swift */ = {isa = PBXFileReference; lastKnownFileType = sourcecode.swift; path = AppDelegate.swift; sourceTree = "<group>"; };
		5B16A01D21DFB0A70022DDE7 /* ViewController.swift */ = {isa = PBXFileReference; lastKnownFileType = sourcecode.swift; path = ViewController.swift; sourceTree = "<group>"; };
		5B16A02021DFB0A70022DDE7 /* Base */ = {isa = PBXFileReference; lastKnownFileType = file.storyboard; name = Base; path = Base.lproj/Main.storyboard; sourceTree = "<group>"; };
		5B16A02221DFB0AA0022DDE7 /* Assets.xcassets */ = {isa = PBXFileReference; lastKnownFileType = folder.assetcatalog; path = Assets.xcassets; sourceTree = "<group>"; };
		5B16A02521DFB0AA0022DDE7 /* Base */ = {isa = PBXFileReference; lastKnownFileType = file.storyboard; name = Base; path = Base.lproj/LaunchScreen.storyboard; sourceTree = "<group>"; };
		5B16A02721DFB0AA0022DDE7 /* Info.plist */ = {isa = PBXFileReference; lastKnownFileType = text.plist.xml; path = Info.plist; sourceTree = "<group>"; };
		5B16A02C21DFB0AA0022DDE7 /* Beauty God MotherTests.xctest */ = {isa = PBXFileReference; explicitFileType = wrapper.cfbundle; includeInIndex = 0; path = "Beauty God MotherTests.xctest"; sourceTree = BUILT_PRODUCTS_DIR; };
		5B16A03221DFB0AA0022DDE7 /* Info.plist */ = {isa = PBXFileReference; lastKnownFileType = text.plist.xml; path = Info.plist; sourceTree = "<group>"; };
		5B16A03721DFB0AA0022DDE7 /* Beauty God MotherUITests.xctest */ = {isa = PBXFileReference; explicitFileType = wrapper.cfbundle; includeInIndex = 0; path = "Beauty God MotherUITests.xctest"; sourceTree = BUILT_PRODUCTS_DIR; };
		5B16A03B21DFB0AA0022DDE7 /* Beauty_God_MotherUITests.swift */ = {isa = PBXFileReference; lastKnownFileType = sourcecode.swift; path = Beauty_God_MotherUITests.swift; sourceTree = "<group>"; };
		5B16A03D21DFB0AA0022DDE7 /* Info.plist */ = {isa = PBXFileReference; lastKnownFileType = text.plist.xml; path = Info.plist; sourceTree = "<group>"; };
		5B16A04921DFB1F90022DDE7 /* GoogleService-Info.plist */ = {isa = PBXFileReference; fileEncoding = 4; lastKnownFileType = text.plist.xml; path = "GoogleService-Info.plist"; sourceTree = "<group>"; };
		5B16A04D21DFC9AB0022DDE7 /* RBViewController.swift */ = {isa = PBXFileReference; lastKnownFileType = sourcecode.swift; path = RBViewController.swift; sourceTree = "<group>"; };
		5B16A04F21DFC9C10022DDE7 /* SPViewController.swift */ = {isa = PBXFileReference; lastKnownFileType = sourcecode.swift; path = SPViewController.swift; sourceTree = "<group>"; };
		5B1C212C223730DC00E69DF3 /* Firebase_Extension.swift */ = {isa = PBXFileReference; lastKnownFileType = sourcecode.swift; path = Firebase_Extension.swift; sourceTree = "<group>"; };
		5B21B48E224C6CAF00F2FAD5 /* FeaturedViewController.swift */ = {isa = PBXFileReference; lastKnownFileType = sourcecode.swift; path = FeaturedViewController.swift; sourceTree = "<group>"; };
		5B21B490224C768D00F2FAD5 /* ProfileViewController.swift */ = {isa = PBXFileReference; lastKnownFileType = sourcecode.swift; path = ProfileViewController.swift; sourceTree = "<group>"; };
		5B2E244222159E5D00F21E29 /* Extension+Database.swift */ = {isa = PBXFileReference; lastKnownFileType = sourcecode.swift; path = "Extension+Database.swift"; sourceTree = "<group>"; };
		5B2E24442215A3A600F21E29 /* RootViewController.swift */ = {isa = PBXFileReference; lastKnownFileType = sourcecode.swift; path = RootViewController.swift; sourceTree = "<group>"; };
		5B3DDBAD224C5C30003E799C /* profile.json */ = {isa = PBXFileReference; lastKnownFileType = text.json; path = profile.json; sourceTree = "<group>"; };
		5B3DDBAF224C5D5C003E799C /* DataProvider.swift */ = {isa = PBXFileReference; lastKnownFileType = sourcecode.swift; path = DataProvider.swift; sourceTree = "<group>"; };
		5B3DDBB3224C5EA8003E799C /* SearchViewController.swift */ = {isa = PBXFileReference; lastKnownFileType = sourcecode.swift; path = SearchViewController.swift; sourceTree = "<group>"; };
		5B6A73A622158E6D00E506DC /* User.swift */ = {isa = PBXFileReference; lastKnownFileType = sourcecode.swift; path = User.swift; sourceTree = "<group>"; };
		5B6A73A92215964800E506DC /* ProviderTabBar.swift */ = {isa = PBXFileReference; lastKnownFileType = sourcecode.swift; path = ProviderTabBar.swift; sourceTree = "<group>"; };
		5BB5EEEB224C466A00D0742E /* Profile.swift */ = {isa = PBXFileReference; lastKnownFileType = sourcecode.swift; path = Profile.swift; sourceTree = "<group>"; };
		5BF5E5F6224AFB95000D4986 /* UserLoginTests.swift */ = {isa = PBXFileReference; lastKnownFileType = sourcecode.swift; path = UserLoginTests.swift; sourceTree = "<group>"; };
		5BF67D312245001700AC61E0 /* CustomViewController.swift */ = {isa = PBXFileReference; lastKnownFileType = sourcecode.swift; path = CustomViewController.swift; sourceTree = "<group>"; };
		5BF67D332245002500AC61E0 /* StandardViewController.swift */ = {isa = PBXFileReference; lastKnownFileType = sourcecode.swift; path = StandardViewController.swift; sourceTree = "<group>"; };
		5BF67D352245003300AC61E0 /* ApplePayViewController.swift */ = {isa = PBXFileReference; lastKnownFileType = sourcecode.swift; path = ApplePayViewController.swift; sourceTree = "<group>"; };
		718ACE45EB6FE671D1BEECC2 /* Pods-Beauty God MotherTests.debug.xcconfig */ = {isa = PBXFileReference; includeInIndex = 1; lastKnownFileType = text.xcconfig; name = "Pods-Beauty God MotherTests.debug.xcconfig"; path = "Pods/Target Support Files/Pods-Beauty God MotherTests/Pods-Beauty God MotherTests.debug.xcconfig"; sourceTree = "<group>"; };
		9E1D72925356FF595FB62F1B /* Pods-Beauty God Mother.release.xcconfig */ = {isa = PBXFileReference; includeInIndex = 1; lastKnownFileType = text.xcconfig; name = "Pods-Beauty God Mother.release.xcconfig"; path = "Pods/Target Support Files/Pods-Beauty God Mother/Pods-Beauty God Mother.release.xcconfig"; sourceTree = "<group>"; };
		AE2942EF21F2832D00D629EA /* RegistrationService.swift */ = {isa = PBXFileReference; lastKnownFileType = sourcecode.swift; path = RegistrationService.swift; sourceTree = "<group>"; };
		AE29B29321EBEE3800B19FFF /* MainViewController.swift */ = {isa = PBXFileReference; lastKnownFileType = sourcecode.swift; path = MainViewController.swift; sourceTree = "<group>"; };
		AE29B29721EBEE9A00B19FFF /* CustomerRegisterTests.swift */ = {isa = PBXFileReference; lastKnownFileType = sourcecode.swift; path = CustomerRegisterTests.swift; sourceTree = "<group>"; };
		AE29B29921EBEF6800B19FFF /* ConfirmationVC.swift */ = {isa = PBXFileReference; lastKnownFileType = sourcecode.swift; path = ConfirmationVC.swift; sourceTree = "<group>"; };
		CC0BDCD2225B7B3300440554 /* Booking2ViewController.swift */ = {isa = PBXFileReference; lastKnownFileType = sourcecode.swift; path = Booking2ViewController.swift; sourceTree = "<group>"; };
		CC0BDCD4225B7BCD00440554 /* dateCollectionViewCell.swift */ = {isa = PBXFileReference; lastKnownFileType = sourcecode.swift; path = dateCollectionViewCell.swift; sourceTree = "<group>"; };
		CC0BDCD6225B7DE800440554 /* Calendar2Vars.swift */ = {isa = PBXFileReference; lastKnownFileType = sourcecode.swift; path = Calendar2Vars.swift; sourceTree = "<group>"; };
		CC0EC083224CE5AC004FA5F9 /* Registration2ViewController.swift */ = {isa = PBXFileReference; lastKnownFileType = sourcecode.swift; path = Registration2ViewController.swift; sourceTree = "<group>"; };
		CC23DF1B226603B100DC0920 /* PaymentConfirmationViewController.swift */ = {isa = PBXFileReference; lastKnownFileType = sourcecode.swift; path = PaymentConfirmationViewController.swift; sourceTree = "<group>"; };
		CC24B0E7221ED1BA00ADEFCC /* ContactDetailsViewController.swift */ = {isa = PBXFileReference; lastKnownFileType = sourcecode.swift; path = ContactDetailsViewController.swift; sourceTree = "<group>"; };
		CC62D3C62212F593004FB434 /* ForgotPassword.swift */ = {isa = PBXFileReference; lastKnownFileType = sourcecode.swift; path = ForgotPassword.swift; sourceTree = "<group>"; };
		CC660EC32225DD39008D6E25 /* ConnectionsSPViewController.swift */ = {isa = PBXFileReference; lastKnownFileType = sourcecode.swift; path = ConnectionsSPViewController.swift; sourceTree = "<group>"; };
		CC793C0E22253A8B00266734 /* ServicesTableViewController.swift */ = {isa = PBXFileReference; lastKnownFileType = sourcecode.swift; path = ServicesTableViewController.swift; sourceTree = "<group>"; };
		CC9F38112244C389003A7436 /* PaymentViewController.swift */ = {isa = PBXFileReference; lastKnownFileType = sourcecode.swift; path = PaymentViewController.swift; sourceTree = "<group>"; };
		CCA91948220C7A1C00672E6F /* ConfirmationDetailsBP.swift */ = {isa = PBXFileReference; lastKnownFileType = sourcecode.swift; path = ConfirmationDetailsBP.swift; sourceTree = "<group>"; };
		CCF35066223178B6007DB408 /* ServicesViewController.swift */ = {isa = PBXFileReference; lastKnownFileType = sourcecode.swift; path = ServicesViewController.swift; sourceTree = "<group>"; };
		CCFA3E9E221AD2D700B160EF /* profilePictureViewController.swift */ = {isa = PBXFileReference; lastKnownFileType = sourcecode.swift; path = profilePictureViewController.swift; sourceTree = "<group>"; };
		EAB59A83EF87A5DAB24E7AA9 /* Pods_Beauty_God_MotherTests.framework */ = {isa = PBXFileReference; explicitFileType = wrapper.framework; includeInIndex = 0; path = Pods_Beauty_God_MotherTests.framework; sourceTree = BUILT_PRODUCTS_DIR; };
		EC2014412864173D30490638 /* Pods-Beauty God Mother.debug.xcconfig */ = {isa = PBXFileReference; includeInIndex = 1; lastKnownFileType = text.xcconfig; name = "Pods-Beauty God Mother.debug.xcconfig"; path = "Pods/Target Support Files/Pods-Beauty God Mother/Pods-Beauty God Mother.debug.xcconfig"; sourceTree = "<group>"; };
/* End PBXFileReference section */

/* Begin PBXFrameworksBuildPhase section */
		5B16A01521DFB0A70022DDE7 /* Frameworks */ = {
			isa = PBXFrameworksBuildPhase;
			buildActionMask = 2147483647;
			files = (
				4C391311220C84F200BC55D8 /* MapKit.framework in Frameworks */,
				68FC856096471068AC3E1B4E /* Pods_Beauty_God_Mother.framework in Frameworks */,
			);
			runOnlyForDeploymentPostprocessing = 0;
		};
		5B16A02921DFB0AA0022DDE7 /* Frameworks */ = {
			isa = PBXFrameworksBuildPhase;
			buildActionMask = 2147483647;
			files = (
				5889CE958FED8A050B0F294E /* Pods_Beauty_God_MotherTests.framework in Frameworks */,
			);
			runOnlyForDeploymentPostprocessing = 0;
		};
		5B16A03421DFB0AA0022DDE7 /* Frameworks */ = {
			isa = PBXFrameworksBuildPhase;
			buildActionMask = 2147483647;
			files = (
			);
			runOnlyForDeploymentPostprocessing = 0;
		};
/* End PBXFrameworksBuildPhase section */

/* Begin PBXGroup section */
		01CD8598224AD48F00E1D40F /* Register Tests */ = {
			isa = PBXGroup;
			children = (
				581073F022661F37000C9F45 /*  Beauty Provider Test */,
				AE29B29721EBEE9A00B19FFF /* CustomerRegisterTests.swift */,
			);
			path = "Register Tests";
			sourceTree = "<group>";
		};
		410B39956FC1784CDFB24CB0 /* Pods */ = {
			isa = PBXGroup;
			children = (
				EC2014412864173D30490638 /* Pods-Beauty God Mother.debug.xcconfig */,
				9E1D72925356FF595FB62F1B /* Pods-Beauty God Mother.release.xcconfig */,
				718ACE45EB6FE671D1BEECC2 /* Pods-Beauty God MotherTests.debug.xcconfig */,
				1B9D4DE3D2073187C01E22B1 /* Pods-Beauty God MotherTests.release.xcconfig */,
			);
			name = Pods;
			sourceTree = "<group>";
		};
		581073F022661F37000C9F45 /*  Beauty Provider Test */ = {
			isa = PBXGroup;
			children = (
				01CD8599224AD56900E1D40F /* BPRegisterTests.swift */,
			);
			path = " Beauty Provider Test";
			sourceTree = "<group>";
		};
		5B16A00F21DFB0A70022DDE7 = {
			isa = PBXGroup;
			children = (
				5B16A01A21DFB0A70022DDE7 /* Beauty God Mother */,
				5B16A02F21DFB0AA0022DDE7 /* Beauty God MotherTests */,
				5B16A03A21DFB0AA0022DDE7 /* Beauty God MotherUITests */,
				5B16A01921DFB0A70022DDE7 /* Products */,
				410B39956FC1784CDFB24CB0 /* Pods */,
				E4E30AEDA9F91096A65DF3C6 /* Frameworks */,
			);
			sourceTree = "<group>";
		};
		5B16A01921DFB0A70022DDE7 /* Products */ = {
			isa = PBXGroup;
			children = (
				5B16A01821DFB0A70022DDE7 /* Beauty God Mother.app */,
				5B16A02C21DFB0AA0022DDE7 /* Beauty God MotherTests.xctest */,
				5B16A03721DFB0AA0022DDE7 /* Beauty God MotherUITests.xctest */,
			);
			name = Products;
			sourceTree = "<group>";
		};
		5B16A01A21DFB0A70022DDE7 /* Beauty God Mother */ = {
			isa = PBXGroup;
			children = (
				5B3DDBAD224C5C30003E799C /* profile.json */,
				5B6A73A522158E5600E506DC /* Model */,
				5B22A076224BA1AC007EA047 /* View */,
				5B22A077224BA1B0007EA047 /* Controller */,
				5B16A01B21DFB0A70022DDE7 /* AppDelegate.swift */,
				5B16A01F21DFB0A70022DDE7 /* Main.storyboard */,
				5B16A02221DFB0AA0022DDE7 /* Assets.xcassets */,
				5B16A02421DFB0AA0022DDE7 /* LaunchScreen.storyboard */,
				5B16A02721DFB0AA0022DDE7 /* Info.plist */,
				5B16A04921DFB1F90022DDE7 /* GoogleService-Info.plist */,
			);
			path = "Beauty God Mother";
			sourceTree = "<group>";
		};
		5B16A02F21DFB0AA0022DDE7 /* Beauty God MotherTests */ = {
			isa = PBXGroup;
			children = (
				5BF5E5F4224AFB64000D4986 /* Login Tests */,
				01CD8598224AD48F00E1D40F /* Register Tests */,
				5B16A03221DFB0AA0022DDE7 /* Info.plist */,
			);
			path = "Beauty God MotherTests";
			sourceTree = "<group>";
		};
		5B16A03A21DFB0AA0022DDE7 /* Beauty God MotherUITests */ = {
			isa = PBXGroup;
			children = (
				5B16A03B21DFB0AA0022DDE7 /* Beauty_God_MotherUITests.swift */,
				5B16A03D21DFB0AA0022DDE7 /* Info.plist */,
			);
			path = "Beauty God MotherUITests";
			sourceTree = "<group>";
		};
		5B1F858422398D6100EDF2A9 /* Customer */ = {
			isa = PBXGroup;
			children = (
				5B16A04D21DFC9AB0022DDE7 /* RBViewController.swift */,
			);
			path = Customer;
			sourceTree = "<group>";
		};
		5B1F858522398DB300EDF2A9 /* Provider */ = {
			isa = PBXGroup;
			children = (
				CCA91948220C7A1C00672E6F /* ConfirmationDetailsBP.swift */,
				01B7C3562236A23600381DCD /* ContactViewController.swift */,
				CCFA3E9E221AD2D700B160EF /* profilePictureViewController.swift */,
				5B16A04F21DFC9C10022DDE7 /* SPViewController.swift */,
				CC24B0E7221ED1BA00ADEFCC /* ContactDetailsViewController.swift */,
				CC660EC32225DD39008D6E25 /* ConnectionsSPViewController.swift */,
				CC793C0E22253A8B00266734 /* ServicesTableViewController.swift */,
				AE29B29921EBEF6800B19FFF /* ConfirmationVC.swift */,
				CCF35066223178B6007DB408 /* ServicesViewController.swift */,
				CC0EC083224CE5AC004FA5F9 /* Registration2ViewController.swift */,
			);
			path = Provider;
			sourceTree = "<group>";
		};
		5B1F858622398E3900EDF2A9 /* Login */ = {
			isa = PBXGroup;
			children = (
				AE29B29321EBEE3800B19FFF /* MainViewController.swift */,
				5B2E24442215A3A600F21E29 /* RootViewController.swift */,
				5B16A01D21DFB0A70022DDE7 /* ViewController.swift */,
				CC62D3C62212F593004FB434 /* ForgotPassword.swift */,
			);
			path = Login;
			sourceTree = "<group>";
		};
		5B1F858822398E7000EDF2A9 /* Registration */ = {
			isa = PBXGroup;
			children = (
				5B1F858522398DB300EDF2A9 /* Provider */,
				5B1F858422398D6100EDF2A9 /* Customer */,
			);
			path = Registration;
			sourceTree = "<group>";
		};
		5B22A076224BA1AC007EA047 /* View */ = {
			isa = PBXGroup;
			children = (
				5B1F858822398E7000EDF2A9 /* Registration */,
				5B1F858622398E3900EDF2A9 /* Login */,
				5B22A078224BA2C1007EA047 /* Search */,
				5B22A079224BA2CC007EA047 /* Map */,
				5B22A07A224BBDFB007EA047 /* Profile */,
				5BF67D302244FFFD00AC61E0 /* BookingAndPayments */,
				5B22A07C224BBEE1007EA047 /* AccountAndContact */,
			);
			name = View;
			path = ..;
			sourceTree = "<group>";
		};
		5B22A077224BA1B0007EA047 /* Controller */ = {
			isa = PBXGroup;
			children = (
				5B6A73AB2215965B00E506DC /* TabBars */,
			);
			path = Controller;
			sourceTree = "<group>";
		};
		5B22A078224BA2C1007EA047 /* Search */ = {
			isa = PBXGroup;
			children = (
				4C6E0795223C4688003B9967 /* SearchCell.swift */,
				5B3DDBAF224C5D5C003E799C /* DataProvider.swift */,
				5B3DDBB3224C5EA8003E799C /* SearchViewController.swift */,
				5B21B48E224C6CAF00F2FAD5 /* FeaturedViewController.swift */,
			);
			path = Search;
			sourceTree = "<group>";
		};
		5B22A079224BA2CC007EA047 /* Map */ = {
			isa = PBXGroup;
			children = (
				4C6D626721F48A4F00087370 /* MapViewController.swift */,
				4C2CDAB1224D7CA700641044 /* bpinfo.swift */,
			);
			path = Map;
			sourceTree = "<group>";
		};
		5B22A07A224BBDFB007EA047 /* Profile */ = {
			isa = PBXGroup;
			children = (
				01E097B821FBB19100DB85D4 /* DetailsViewController.swift */,
				4C2CDAAB224BEB1E00641044 /* BGMViewController.swift */,
				01777D6D220B35B400D51EC4 /* EditProfileViewController.swift */,
				581073F32266BC5A000C9F45 /* RatingViewController.swift */,
				4CEDD41E2249602300E3227B /* ProfileServicesTableViewController.swift */,
				4CEDD420224962E600E3227B /* CustomCell.swift */,
				01CD8594224A32F900E1D40F /* ProfileServicesCell.swift */,
				01CD8596224A48B200E1D40F /* ProfileServicesViewController.swift */,
				5B21B490224C768D00F2FAD5 /* ProfileViewController.swift */,
			);
			path = Profile;
			sourceTree = "<group>";
		};
		5B22A07C224BBEE1007EA047 /* AccountAndContact */ = {
			isa = PBXGroup;
			children = (
				01B7C3582236A2C500381DCD /* AccountViewCoontroller.swift */,
				014CEF10223C326800F2FC8E /* ContactCollectionViewCell.swift */,
			);
			path = AccountAndContact;
			sourceTree = "<group>";
		};
		5B6A73A522158E5600E506DC /* Model */ = {
			isa = PBXGroup;
			children = (
				5B2E244222159E5D00F21E29 /* Extension+Database.swift */,
				AE2942EF21F2832D00D629EA /* RegistrationService.swift */,
				5B1C212C223730DC00E69DF3 /* Firebase_Extension.swift */,
				5B6A73A622158E6D00E506DC /* User.swift */,
				5BB5EEEB224C466A00D0742E /* Profile.swift */,
			);
			name = Model;
			path = "New Group";
			sourceTree = "<group>";
		};
		5B6A73AB2215965B00E506DC /* TabBars */ = {
			isa = PBXGroup;
			children = (
				5B6A73A92215964800E506DC /* ProviderTabBar.swift */,
				01B7C35A2236B3A300381DCD /* CustomerTabBar.swift */,
			);
			name = TabBars;
			path = "New Group";
			sourceTree = "<group>";
		};
		5BF5E5F4224AFB64000D4986 /* Login Tests */ = {
			isa = PBXGroup;
			children = (
				5BF5E5F6224AFB95000D4986 /* UserLoginTests.swift */,
			);
			path = "Login Tests";
			sourceTree = "<group>";
		};
		5BF67D302244FFFD00AC61E0 /* BookingAndPayments */ = {
			isa = PBXGroup;
			children = (
				CC9F38112244C389003A7436 /* PaymentViewController.swift */,
				5BF67D312245001700AC61E0 /* CustomViewController.swift */,
				5BF67D332245002500AC61E0 /* StandardViewController.swift */,
				5BF67D352245003300AC61E0 /* ApplePayViewController.swift */,
				CC0BDCD2225B7B3300440554 /* Booking2ViewController.swift */,
				CC0BDCD4225B7BCD00440554 /* dateCollectionViewCell.swift */,
				CC0BDCD6225B7DE800440554 /* Calendar2Vars.swift */,
				CC23DF1B226603B100DC0920 /* PaymentConfirmationViewController.swift */,
			);
			path = BookingAndPayments;
			sourceTree = "<group>";
		};
		E4E30AEDA9F91096A65DF3C6 /* Frameworks */ = {
			isa = PBXGroup;
			children = (
				4C391310220C84F200BC55D8 /* MapKit.framework */,
				3AC7137FDBF8C98CB8F38344 /* Pods_Beauty_God_Mother.framework */,
				EAB59A83EF87A5DAB24E7AA9 /* Pods_Beauty_God_MotherTests.framework */,
			);
			name = Frameworks;
			sourceTree = "<group>";
		};
/* End PBXGroup section */

/* Begin PBXNativeTarget section */
		5B16A01721DFB0A70022DDE7 /* Beauty God Mother */ = {
			isa = PBXNativeTarget;
			buildConfigurationList = 5B16A04021DFB0AA0022DDE7 /* Build configuration list for PBXNativeTarget "Beauty God Mother" */;
			buildPhases = (
				A1D5D2D3E53D6E337585EDF5 /* [CP] Check Pods Manifest.lock */,
				5B16A01421DFB0A70022DDE7 /* Sources */,
				5B16A01521DFB0A70022DDE7 /* Frameworks */,
				5B16A01621DFB0A70022DDE7 /* Resources */,
				256B26206239973531B787F7 /* [CP] Embed Pods Frameworks */,
				7353333C3EDAB1289C383443 /* [CP] Copy Pods Resources */,
			);
			buildRules = (
			);
			dependencies = (
			);
			name = "Beauty God Mother";
			productName = "Beauty God Mother";
			productReference = 5B16A01821DFB0A70022DDE7 /* Beauty God Mother.app */;
			productType = "com.apple.product-type.application";
		};
		5B16A02B21DFB0AA0022DDE7 /* Beauty God MotherTests */ = {
			isa = PBXNativeTarget;
			buildConfigurationList = 5B16A04321DFB0AA0022DDE7 /* Build configuration list for PBXNativeTarget "Beauty God MotherTests" */;
			buildPhases = (
				146649F995C99F20A024D5DF /* [CP] Check Pods Manifest.lock */,
				5B16A02821DFB0AA0022DDE7 /* Sources */,
				5B16A02921DFB0AA0022DDE7 /* Frameworks */,
				5B16A02A21DFB0AA0022DDE7 /* Resources */,
				DCE22F03FDF266C6F47F55D6 /* [CP] Embed Pods Frameworks */,
			);
			buildRules = (
			);
			dependencies = (
				5B16A02E21DFB0AA0022DDE7 /* PBXTargetDependency */,
			);
			name = "Beauty God MotherTests";
			productName = "Beauty God MotherTests";
			productReference = 5B16A02C21DFB0AA0022DDE7 /* Beauty God MotherTests.xctest */;
			productType = "com.apple.product-type.bundle.unit-test";
		};
		5B16A03621DFB0AA0022DDE7 /* Beauty God MotherUITests */ = {
			isa = PBXNativeTarget;
			buildConfigurationList = 5B16A04621DFB0AA0022DDE7 /* Build configuration list for PBXNativeTarget "Beauty God MotherUITests" */;
			buildPhases = (
				5B16A03321DFB0AA0022DDE7 /* Sources */,
				5B16A03421DFB0AA0022DDE7 /* Frameworks */,
				5B16A03521DFB0AA0022DDE7 /* Resources */,
			);
			buildRules = (
			);
			dependencies = (
				5B16A03921DFB0AA0022DDE7 /* PBXTargetDependency */,
			);
			name = "Beauty God MotherUITests";
			productName = "Beauty God MotherUITests";
			productReference = 5B16A03721DFB0AA0022DDE7 /* Beauty God MotherUITests.xctest */;
			productType = "com.apple.product-type.bundle.ui-testing";
		};
/* End PBXNativeTarget section */

/* Begin PBXProject section */
		5B16A01021DFB0A70022DDE7 /* Project object */ = {
			isa = PBXProject;
			attributes = {
				LastSwiftUpdateCheck = 1010;
				LastUpgradeCheck = 1010;
				ORGANIZATIONNAME = BGM;
				TargetAttributes = {
					5B16A01721DFB0A70022DDE7 = {
						CreatedOnToolsVersion = 10.1;
						SystemCapabilities = {
							com.apple.Maps.iOS = {
								enabled = 1;
							};
						};
					};
					5B16A02B21DFB0AA0022DDE7 = {
						CreatedOnToolsVersion = 10.1;
						TestTargetID = 5B16A01721DFB0A70022DDE7;
					};
					5B16A03621DFB0AA0022DDE7 = {
						CreatedOnToolsVersion = 10.1;
						TestTargetID = 5B16A01721DFB0A70022DDE7;
					};
				};
			};
			buildConfigurationList = 5B16A01321DFB0A70022DDE7 /* Build configuration list for PBXProject "Beauty God Mother" */;
			compatibilityVersion = "Xcode 9.3";
			developmentRegion = en;
			hasScannedForEncodings = 0;
			knownRegions = (
				en,
				Base,
			);
			mainGroup = 5B16A00F21DFB0A70022DDE7;
			productRefGroup = 5B16A01921DFB0A70022DDE7 /* Products */;
			projectDirPath = "";
			projectRoot = "";
			targets = (
				5B16A01721DFB0A70022DDE7 /* Beauty God Mother */,
				5B16A02B21DFB0AA0022DDE7 /* Beauty God MotherTests */,
				5B16A03621DFB0AA0022DDE7 /* Beauty God MotherUITests */,
			);
		};
/* End PBXProject section */

/* Begin PBXResourcesBuildPhase section */
		5B16A01621DFB0A70022DDE7 /* Resources */ = {
			isa = PBXResourcesBuildPhase;
			buildActionMask = 2147483647;
			files = (
				5B3DDBAE224C5C30003E799C /* profile.json in Resources */,
				5B16A02621DFB0AA0022DDE7 /* LaunchScreen.storyboard in Resources */,
				5B16A04A21DFB1F90022DDE7 /* GoogleService-Info.plist in Resources */,
				5B16A02321DFB0AA0022DDE7 /* Assets.xcassets in Resources */,
				5B16A02121DFB0A70022DDE7 /* Main.storyboard in Resources */,
			);
			runOnlyForDeploymentPostprocessing = 0;
		};
		5B16A02A21DFB0AA0022DDE7 /* Resources */ = {
			isa = PBXResourcesBuildPhase;
			buildActionMask = 2147483647;
			files = (
			);
			runOnlyForDeploymentPostprocessing = 0;
		};
		5B16A03521DFB0AA0022DDE7 /* Resources */ = {
			isa = PBXResourcesBuildPhase;
			buildActionMask = 2147483647;
			files = (
			);
			runOnlyForDeploymentPostprocessing = 0;
		};
/* End PBXResourcesBuildPhase section */

/* Begin PBXShellScriptBuildPhase section */
		146649F995C99F20A024D5DF /* [CP] Check Pods Manifest.lock */ = {
			isa = PBXShellScriptBuildPhase;
			buildActionMask = 2147483647;
			files = (
			);
			inputFileListPaths = (
			);
			inputPaths = (
				"${PODS_PODFILE_DIR_PATH}/Podfile.lock",
				"${PODS_ROOT}/Manifest.lock",
			);
			name = "[CP] Check Pods Manifest.lock";
			outputFileListPaths = (
			);
			outputPaths = (
				"$(DERIVED_FILE_DIR)/Pods-Beauty God MotherTests-checkManifestLockResult.txt",
			);
			runOnlyForDeploymentPostprocessing = 0;
			shellPath = /bin/sh;
			shellScript = "diff \"${PODS_PODFILE_DIR_PATH}/Podfile.lock\" \"${PODS_ROOT}/Manifest.lock\" > /dev/null\nif [ $? != 0 ] ; then\n    # print error to STDERR\n    echo \"error: The sandbox is not in sync with the Podfile.lock. Run 'pod install' or update your CocoaPods installation.\" >&2\n    exit 1\nfi\n# This output is used by Xcode 'outputs' to avoid re-running this script phase.\necho \"SUCCESS\" > \"${SCRIPT_OUTPUT_FILE_0}\"\n";
			showEnvVarsInLog = 0;
		};
		256B26206239973531B787F7 /* [CP] Embed Pods Frameworks */ = {
			isa = PBXShellScriptBuildPhase;
			buildActionMask = 2147483647;
			files = (
			);
			inputFileListPaths = (
			);
			inputPaths = (
				"${PODS_ROOT}/Target Support Files/Pods-Beauty God Mother/Pods-Beauty God Mother-frameworks.sh",
				"${BUILT_PRODUCTS_DIR}/Alamofire/Alamofire.framework",
				"${BUILT_PRODUCTS_DIR}/AlamofireImage/AlamofireImage.framework",
				"${BUILT_PRODUCTS_DIR}/Cosmos/Cosmos.framework",
				"${BUILT_PRODUCTS_DIR}/FloatRatingView/FloatRatingView.framework",
				"${BUILT_PRODUCTS_DIR}/GTMSessionFetcher/GTMSessionFetcher.framework",
				"${BUILT_PRODUCTS_DIR}/GoogleUtilities/GoogleUtilities.framework",
				"${BUILT_PRODUCTS_DIR}/Kingfisher/Kingfisher.framework",
				"${BUILT_PRODUCTS_DIR}/SDWebImage/SDWebImage.framework",
				"${BUILT_PRODUCTS_DIR}/Stripe/Stripe.framework",
				"${BUILT_PRODUCTS_DIR}/SwiftyJSON/SwiftyJSON.framework",
				"${BUILT_PRODUCTS_DIR}/TinyConstraints/TinyConstraints.framework",
				"${BUILT_PRODUCTS_DIR}/leveldb-library/leveldb.framework",
				"${BUILT_PRODUCTS_DIR}/nanopb/nanopb.framework",
			);
			name = "[CP] Embed Pods Frameworks";
			outputFileListPaths = (
			);
			outputPaths = (
				"${TARGET_BUILD_DIR}/${FRAMEWORKS_FOLDER_PATH}/Alamofire.framework",
				"${TARGET_BUILD_DIR}/${FRAMEWORKS_FOLDER_PATH}/AlamofireImage.framework",
				"${TARGET_BUILD_DIR}/${FRAMEWORKS_FOLDER_PATH}/Cosmos.framework",
				"${TARGET_BUILD_DIR}/${FRAMEWORKS_FOLDER_PATH}/FloatRatingView.framework",
				"${TARGET_BUILD_DIR}/${FRAMEWORKS_FOLDER_PATH}/GTMSessionFetcher.framework",
				"${TARGET_BUILD_DIR}/${FRAMEWORKS_FOLDER_PATH}/GoogleUtilities.framework",
				"${TARGET_BUILD_DIR}/${FRAMEWORKS_FOLDER_PATH}/Kingfisher.framework",
				"${TARGET_BUILD_DIR}/${FRAMEWORKS_FOLDER_PATH}/SDWebImage.framework",
				"${TARGET_BUILD_DIR}/${FRAMEWORKS_FOLDER_PATH}/Stripe.framework",
				"${TARGET_BUILD_DIR}/${FRAMEWORKS_FOLDER_PATH}/SwiftyJSON.framework",
				"${TARGET_BUILD_DIR}/${FRAMEWORKS_FOLDER_PATH}/TinyConstraints.framework",
				"${TARGET_BUILD_DIR}/${FRAMEWORKS_FOLDER_PATH}/leveldb.framework",
				"${TARGET_BUILD_DIR}/${FRAMEWORKS_FOLDER_PATH}/nanopb.framework",
			);
			runOnlyForDeploymentPostprocessing = 0;
			shellPath = /bin/sh;
			shellScript = "\"${PODS_ROOT}/Target Support Files/Pods-Beauty God Mother/Pods-Beauty God Mother-frameworks.sh\"\n";
			showEnvVarsInLog = 0;
		};
		7353333C3EDAB1289C383443 /* [CP] Copy Pods Resources */ = {
			isa = PBXShellScriptBuildPhase;
			buildActionMask = 2147483647;
			files = (
			);
			inputFileListPaths = (
			);
			inputPaths = (
				"${PODS_ROOT}/Target Support Files/Pods-Beauty God Mother/Pods-Beauty God Mother-resources.sh",
				"${PODS_ROOT}/GoogleMaps/Maps/Frameworks/GoogleMaps.framework/Resources/GoogleMaps.bundle",
				"${PODS_ROOT}/GooglePlacePicker/Frameworks/GooglePlacePicker.framework/Resources/GooglePlacePicker.bundle",
				"${PODS_ROOT}/GooglePlaces/Frameworks/GooglePlaces.framework/Resources/GooglePlaces.bundle",
			);
			name = "[CP] Copy Pods Resources";
			outputFileListPaths = (
			);
			outputPaths = (
				"${TARGET_BUILD_DIR}/${UNLOCALIZED_RESOURCES_FOLDER_PATH}/GoogleMaps.bundle",
				"${TARGET_BUILD_DIR}/${UNLOCALIZED_RESOURCES_FOLDER_PATH}/GooglePlacePicker.bundle",
				"${TARGET_BUILD_DIR}/${UNLOCALIZED_RESOURCES_FOLDER_PATH}/GooglePlaces.bundle",
			);
			runOnlyForDeploymentPostprocessing = 0;
			shellPath = /bin/sh;
			shellScript = "\"${PODS_ROOT}/Target Support Files/Pods-Beauty God Mother/Pods-Beauty God Mother-resources.sh\"\n";
			showEnvVarsInLog = 0;
		};
		A1D5D2D3E53D6E337585EDF5 /* [CP] Check Pods Manifest.lock */ = {
			isa = PBXShellScriptBuildPhase;
			buildActionMask = 2147483647;
			files = (
			);
			inputFileListPaths = (
			);
			inputPaths = (
				"${PODS_PODFILE_DIR_PATH}/Podfile.lock",
				"${PODS_ROOT}/Manifest.lock",
			);
			name = "[CP] Check Pods Manifest.lock";
			outputFileListPaths = (
			);
			outputPaths = (
				"$(DERIVED_FILE_DIR)/Pods-Beauty God Mother-checkManifestLockResult.txt",
			);
			runOnlyForDeploymentPostprocessing = 0;
			shellPath = /bin/sh;
			shellScript = "diff \"${PODS_PODFILE_DIR_PATH}/Podfile.lock\" \"${PODS_ROOT}/Manifest.lock\" > /dev/null\nif [ $? != 0 ] ; then\n    # print error to STDERR\n    echo \"error: The sandbox is not in sync with the Podfile.lock. Run 'pod install' or update your CocoaPods installation.\" >&2\n    exit 1\nfi\n# This output is used by Xcode 'outputs' to avoid re-running this script phase.\necho \"SUCCESS\" > \"${SCRIPT_OUTPUT_FILE_0}\"\n";
			showEnvVarsInLog = 0;
		};
		DCE22F03FDF266C6F47F55D6 /* [CP] Embed Pods Frameworks */ = {
			isa = PBXShellScriptBuildPhase;
			buildActionMask = 2147483647;
			files = (
			);
			inputFileListPaths = (
			);
			inputPaths = (
				"${PODS_ROOT}/Target Support Files/Pods-Beauty God MotherTests/Pods-Beauty God MotherTests-frameworks.sh",
				"${BUILT_PRODUCTS_DIR}/GoogleUtilities/GoogleUtilities.framework",
				"${BUILT_PRODUCTS_DIR}/nanopb/nanopb.framework",
			);
			name = "[CP] Embed Pods Frameworks";
			outputFileListPaths = (
			);
			outputPaths = (
				"${TARGET_BUILD_DIR}/${FRAMEWORKS_FOLDER_PATH}/GoogleUtilities.framework",
				"${TARGET_BUILD_DIR}/${FRAMEWORKS_FOLDER_PATH}/nanopb.framework",
			);
			runOnlyForDeploymentPostprocessing = 0;
			shellPath = /bin/sh;
			shellScript = "\"${PODS_ROOT}/Target Support Files/Pods-Beauty God MotherTests/Pods-Beauty God MotherTests-frameworks.sh\"\n";
			showEnvVarsInLog = 0;
		};
/* End PBXShellScriptBuildPhase section */

/* Begin PBXSourcesBuildPhase section */
		5B16A01421DFB0A70022DDE7 /* Sources */ = {
			isa = PBXSourcesBuildPhase;
			buildActionMask = 2147483647;
			files = (
				4CEDD421224962E600E3227B /* CustomCell.swift in Sources */,
				01777D6E220B35B400D51EC4 /* EditProfileViewController.swift in Sources */,
				4CEDD41F2249602300E3227B /* ProfileServicesTableViewController.swift in Sources */,
				5B21B48F224C6CAF00F2FAD5 /* FeaturedViewController.swift in Sources */,
				AE2942F021F2832D00D629EA /* RegistrationService.swift in Sources */,
				CC660EC42225DD39008D6E25 /* ConnectionsSPViewController.swift in Sources */,
				5B16A04E21DFC9AB0022DDE7 /* RBViewController.swift in Sources */,
				014CEF11223C326800F2FC8E /* ContactCollectionViewCell.swift in Sources */,
				01E097B921FBB19100DB85D4 /* DetailsViewController.swift in Sources */,
				581073F42266BC5A000C9F45 /* RatingViewController.swift in Sources */,
				CC9F38122244C389003A7436 /* PaymentViewController.swift in Sources */,
				AE29B29A21EBEF6800B19FFF /* ConfirmationVC.swift in Sources */,
				5B6A73AA2215964800E506DC /* ProviderTabBar.swift in Sources */,
				01CD8597224A48B300E1D40F /* ProfileServicesViewController.swift in Sources */,
				5BF67D362245003300AC61E0 /* ApplePayViewController.swift in Sources */,
				4C6D626821F48A4F00087370 /* MapViewController.swift in Sources */,
				4C6E0796223C4688003B9967 /* SearchCell.swift in Sources */,
				5B1C212D223730DC00E69DF3 /* Firebase_Extension.swift in Sources */,
				01B7C3572236A23600381DCD /* ContactViewController.swift in Sources */,
				5BF67D342245002500AC61E0 /* StandardViewController.swift in Sources */,
				CC24B0E8221ED1BA00ADEFCC /* ContactDetailsViewController.swift in Sources */,
				5B2E24452215A3A600F21E29 /* RootViewController.swift in Sources */,
				5B6A73A722158E6D00E506DC /* User.swift in Sources */,
				CCA91949220C7A1C00672E6F /* ConfirmationDetailsBP.swift in Sources */,
				CC0BDCD3225B7B3300440554 /* Booking2ViewController.swift in Sources */,
				01B7C35B2236B3A300381DCD /* CustomerTabBar.swift in Sources */,
				5B16A01E21DFB0A70022DDE7 /* ViewController.swift in Sources */,
				CC0BDCD5225B7BCD00440554 /* dateCollectionViewCell.swift in Sources */,
				5B16A01C21DFB0A70022DDE7 /* AppDelegate.swift in Sources */,
				CC62D3C72212F593004FB434 /* ForgotPassword.swift in Sources */,
				CC23DF1C226603B100DC0920 /* PaymentConfirmationViewController.swift in Sources */,
				5B3DDBB4224C5EA8003E799C /* SearchViewController.swift in Sources */,
				01B7C3592236A2C500381DCD /* AccountViewCoontroller.swift in Sources */,
				5B2E244322159E5D00F21E29 /* Extension+Database.swift in Sources */,
				5BF67D322245001700AC61E0 /* CustomViewController.swift in Sources */,
				CCF35067223178B6007DB408 /* ServicesViewController.swift in Sources */,
				5B16A05021DFC9C10022DDE7 /* SPViewController.swift in Sources */,
				CC0EC084224CE5AC004FA5F9 /* Registration2ViewController.swift in Sources */,
				01CD8595224A32F900E1D40F /* ProfileServicesCell.swift in Sources */,
				CC0BDCD7225B7DE800440554 /* Calendar2Vars.swift in Sources */,
				4C2CDAB2224D7CA700641044 /* bpinfo.swift in Sources */,
				5B21B491224C768D00F2FAD5 /* ProfileViewController.swift in Sources */,
				5BB5EEEC224C466A00D0742E /* Profile.swift in Sources */,
				5B3DDBB0224C5D5C003E799C /* DataProvider.swift in Sources */,
				AE29B29421EBEE3800B19FFF /* MainViewController.swift in Sources */,
				CCFA3E9F221AD2D700B160EF /* profilePictureViewController.swift in Sources */,
				4C2CDAAC224BEB1E00641044 /* BGMViewController.swift in Sources */,
				CC793C0F22253A8B00266734 /* ServicesTableViewController.swift in Sources */,
			);
			runOnlyForDeploymentPostprocessing = 0;
		};
		5B16A02821DFB0AA0022DDE7 /* Sources */ = {
			isa = PBXSourcesBuildPhase;
			buildActionMask = 2147483647;
			files = (
				01CD859A224AD56900E1D40F /* BPRegisterTests.swift in Sources */,
				5BF5E5F7224AFB95000D4986 /* UserLoginTests.swift in Sources */,
				AE29B29821EBEE9A00B19FFF /* CustomerRegisterTests.swift in Sources */,
			);
			runOnlyForDeploymentPostprocessing = 0;
		};
		5B16A03321DFB0AA0022DDE7 /* Sources */ = {
			isa = PBXSourcesBuildPhase;
			buildActionMask = 2147483647;
			files = (
				5B16A03C21DFB0AA0022DDE7 /* Beauty_God_MotherUITests.swift in Sources */,
			);
			runOnlyForDeploymentPostprocessing = 0;
		};
/* End PBXSourcesBuildPhase section */

/* Begin PBXTargetDependency section */
		5B16A02E21DFB0AA0022DDE7 /* PBXTargetDependency */ = {
			isa = PBXTargetDependency;
			target = 5B16A01721DFB0A70022DDE7 /* Beauty God Mother */;
			targetProxy = 5B16A02D21DFB0AA0022DDE7 /* PBXContainerItemProxy */;
		};
		5B16A03921DFB0AA0022DDE7 /* PBXTargetDependency */ = {
			isa = PBXTargetDependency;
			target = 5B16A01721DFB0A70022DDE7 /* Beauty God Mother */;
			targetProxy = 5B16A03821DFB0AA0022DDE7 /* PBXContainerItemProxy */;
		};
/* End PBXTargetDependency section */

/* Begin PBXVariantGroup section */
		5B16A01F21DFB0A70022DDE7 /* Main.storyboard */ = {
			isa = PBXVariantGroup;
			children = (
				5B16A02021DFB0A70022DDE7 /* Base */,
			);
			name = Main.storyboard;
			sourceTree = "<group>";
		};
		5B16A02421DFB0AA0022DDE7 /* LaunchScreen.storyboard */ = {
			isa = PBXVariantGroup;
			children = (
				5B16A02521DFB0AA0022DDE7 /* Base */,
			);
			name = LaunchScreen.storyboard;
			sourceTree = "<group>";
		};
/* End PBXVariantGroup section */

/* Begin XCBuildConfiguration section */
		5B16A03E21DFB0AA0022DDE7 /* Debug */ = {
			isa = XCBuildConfiguration;
			buildSettings = {
				ALWAYS_SEARCH_USER_PATHS = NO;
				CLANG_ANALYZER_NONNULL = YES;
				CLANG_ANALYZER_NUMBER_OBJECT_CONVERSION = YES_AGGRESSIVE;
				CLANG_CXX_LANGUAGE_STANDARD = "gnu++14";
				CLANG_CXX_LIBRARY = "libc++";
				CLANG_ENABLE_MODULES = YES;
				CLANG_ENABLE_OBJC_ARC = YES;
				CLANG_ENABLE_OBJC_WEAK = YES;
				CLANG_WARN_BLOCK_CAPTURE_AUTORELEASING = YES;
				CLANG_WARN_BOOL_CONVERSION = YES;
				CLANG_WARN_COMMA = YES;
				CLANG_WARN_CONSTANT_CONVERSION = YES;
				CLANG_WARN_DEPRECATED_OBJC_IMPLEMENTATIONS = YES;
				CLANG_WARN_DIRECT_OBJC_ISA_USAGE = YES_ERROR;
				CLANG_WARN_DOCUMENTATION_COMMENTS = YES;
				CLANG_WARN_EMPTY_BODY = YES;
				CLANG_WARN_ENUM_CONVERSION = YES;
				CLANG_WARN_INFINITE_RECURSION = YES;
				CLANG_WARN_INT_CONVERSION = YES;
				CLANG_WARN_NON_LITERAL_NULL_CONVERSION = YES;
				CLANG_WARN_OBJC_IMPLICIT_RETAIN_SELF = YES;
				CLANG_WARN_OBJC_LITERAL_CONVERSION = YES;
				CLANG_WARN_OBJC_ROOT_CLASS = YES_ERROR;
				CLANG_WARN_RANGE_LOOP_ANALYSIS = YES;
				CLANG_WARN_STRICT_PROTOTYPES = YES;
				CLANG_WARN_SUSPICIOUS_MOVE = YES;
				CLANG_WARN_UNGUARDED_AVAILABILITY = YES_AGGRESSIVE;
				CLANG_WARN_UNREACHABLE_CODE = YES;
				CLANG_WARN__DUPLICATE_METHOD_MATCH = YES;
				CODE_SIGN_IDENTITY = "iPhone Developer";
				CODE_SIGN_STYLE = Automatic;
				COPY_PHASE_STRIP = NO;
				DEBUG_INFORMATION_FORMAT = dwarf;
				DEVELOPMENT_TEAM = PAUK362GK5;
				ENABLE_STRICT_OBJC_MSGSEND = YES;
				ENABLE_TESTABILITY = YES;
				GCC_C_LANGUAGE_STANDARD = gnu11;
				GCC_DYNAMIC_NO_PIC = NO;
				GCC_NO_COMMON_BLOCKS = YES;
				GCC_OPTIMIZATION_LEVEL = 0;
				GCC_PREPROCESSOR_DEFINITIONS = (
					"DEBUG=1",
					"$(inherited)",
				);
				GCC_WARN_64_TO_32_BIT_CONVERSION = YES;
				GCC_WARN_ABOUT_RETURN_TYPE = YES_ERROR;
				GCC_WARN_UNDECLARED_SELECTOR = YES;
				GCC_WARN_UNINITIALIZED_AUTOS = YES_AGGRESSIVE;
				GCC_WARN_UNUSED_FUNCTION = YES;
				GCC_WARN_UNUSED_VARIABLE = YES;
				IPHONEOS_DEPLOYMENT_TARGET = 12.1;
				MTL_ENABLE_DEBUG_INFO = INCLUDE_SOURCE;
				MTL_FAST_MATH = YES;
				ONLY_ACTIVE_ARCH = YES;
				SDKROOT = iphoneos;
				SWIFT_ACTIVE_COMPILATION_CONDITIONS = DEBUG;
				SWIFT_OPTIMIZATION_LEVEL = "-Onone";
			};
			name = Debug;
		};
		5B16A03F21DFB0AA0022DDE7 /* Release */ = {
			isa = XCBuildConfiguration;
			buildSettings = {
				ALWAYS_SEARCH_USER_PATHS = NO;
				CLANG_ANALYZER_NONNULL = YES;
				CLANG_ANALYZER_NUMBER_OBJECT_CONVERSION = YES_AGGRESSIVE;
				CLANG_CXX_LANGUAGE_STANDARD = "gnu++14";
				CLANG_CXX_LIBRARY = "libc++";
				CLANG_ENABLE_MODULES = YES;
				CLANG_ENABLE_OBJC_ARC = YES;
				CLANG_ENABLE_OBJC_WEAK = YES;
				CLANG_WARN_BLOCK_CAPTURE_AUTORELEASING = YES;
				CLANG_WARN_BOOL_CONVERSION = YES;
				CLANG_WARN_COMMA = YES;
				CLANG_WARN_CONSTANT_CONVERSION = YES;
				CLANG_WARN_DEPRECATED_OBJC_IMPLEMENTATIONS = YES;
				CLANG_WARN_DIRECT_OBJC_ISA_USAGE = YES_ERROR;
				CLANG_WARN_DOCUMENTATION_COMMENTS = YES;
				CLANG_WARN_EMPTY_BODY = YES;
				CLANG_WARN_ENUM_CONVERSION = YES;
				CLANG_WARN_INFINITE_RECURSION = YES;
				CLANG_WARN_INT_CONVERSION = YES;
				CLANG_WARN_NON_LITERAL_NULL_CONVERSION = YES;
				CLANG_WARN_OBJC_IMPLICIT_RETAIN_SELF = YES;
				CLANG_WARN_OBJC_LITERAL_CONVERSION = YES;
				CLANG_WARN_OBJC_ROOT_CLASS = YES_ERROR;
				CLANG_WARN_RANGE_LOOP_ANALYSIS = YES;
				CLANG_WARN_STRICT_PROTOTYPES = YES;
				CLANG_WARN_SUSPICIOUS_MOVE = YES;
				CLANG_WARN_UNGUARDED_AVAILABILITY = YES_AGGRESSIVE;
				CLANG_WARN_UNREACHABLE_CODE = YES;
				CLANG_WARN__DUPLICATE_METHOD_MATCH = YES;
				CODE_SIGN_IDENTITY = "iPhone Developer";
				CODE_SIGN_STYLE = Automatic;
				COPY_PHASE_STRIP = NO;
				DEBUG_INFORMATION_FORMAT = "dwarf-with-dsym";
				DEVELOPMENT_TEAM = PAUK362GK5;
				ENABLE_NS_ASSERTIONS = NO;
				ENABLE_STRICT_OBJC_MSGSEND = YES;
				GCC_C_LANGUAGE_STANDARD = gnu11;
				GCC_NO_COMMON_BLOCKS = YES;
				GCC_WARN_64_TO_32_BIT_CONVERSION = YES;
				GCC_WARN_ABOUT_RETURN_TYPE = YES_ERROR;
				GCC_WARN_UNDECLARED_SELECTOR = YES;
				GCC_WARN_UNINITIALIZED_AUTOS = YES_AGGRESSIVE;
				GCC_WARN_UNUSED_FUNCTION = YES;
				GCC_WARN_UNUSED_VARIABLE = YES;
				IPHONEOS_DEPLOYMENT_TARGET = 12.1;
				MTL_ENABLE_DEBUG_INFO = NO;
				MTL_FAST_MATH = YES;
				SDKROOT = iphoneos;
				SWIFT_COMPILATION_MODE = wholemodule;
				SWIFT_OPTIMIZATION_LEVEL = "-O";
				VALIDATE_PRODUCT = YES;
			};
			name = Release;
		};
		5B16A04121DFB0AA0022DDE7 /* Debug */ = {
			isa = XCBuildConfiguration;
			baseConfigurationReference = EC2014412864173D30490638 /* Pods-Beauty God Mother.debug.xcconfig */;
			buildSettings = {
				CODE_SIGN_IDENTITY = "iPhone Developer";
				CODE_SIGN_STYLE = Automatic;
				DEVELOPMENT_TEAM = FG8A4NB658;
				INFOPLIST_FILE = "Beauty God Mother/Info.plist";
				LD_RUNPATH_SEARCH_PATHS = (
					"$(inherited)",
					"@executable_path/Frameworks",
				);
				PRODUCT_BUNDLE_IDENTIFIER = "BGM.Beauty-God-Mother";
				PRODUCT_NAME = "$(TARGET_NAME)";
				SWIFT_VERSION = 4.2;
				TARGETED_DEVICE_FAMILY = "1,2";
			};
			name = Debug;
		};
		5B16A04221DFB0AA0022DDE7 /* Release */ = {
			isa = XCBuildConfiguration;
			baseConfigurationReference = 9E1D72925356FF595FB62F1B /* Pods-Beauty God Mother.release.xcconfig */;
			buildSettings = {
				CODE_SIGN_IDENTITY = "iPhone Developer";
				CODE_SIGN_STYLE = Automatic;
				DEVELOPMENT_TEAM = FG8A4NB658;
				INFOPLIST_FILE = "Beauty God Mother/Info.plist";
				LD_RUNPATH_SEARCH_PATHS = (
					"$(inherited)",
					"@executable_path/Frameworks",
				);
				PRODUCT_BUNDLE_IDENTIFIER = "BGM.Beauty-God-Mother";
				PRODUCT_NAME = "$(TARGET_NAME)";
				SWIFT_VERSION = 4.2;
				TARGETED_DEVICE_FAMILY = "1,2";
			};
			name = Release;
		};
		5B16A04421DFB0AA0022DDE7 /* Debug */ = {
			isa = XCBuildConfiguration;
			baseConfigurationReference = 718ACE45EB6FE671D1BEECC2 /* Pods-Beauty God MotherTests.debug.xcconfig */;
			buildSettings = {
				ALWAYS_EMBED_SWIFT_STANDARD_LIBRARIES = YES;
				BUNDLE_LOADER = "$(TEST_HOST)";
				CODE_SIGN_STYLE = Automatic;
				INFOPLIST_FILE = "Beauty God MotherTests/Info.plist";
				LD_RUNPATH_SEARCH_PATHS = (
					"$(inherited)",
					"@executable_path/Frameworks",
					"@loader_path/Frameworks",
				);
				PRODUCT_BUNDLE_IDENTIFIER = "BGM.Beauty-God-MotherTests";
				PRODUCT_NAME = "$(TARGET_NAME)";
				SWIFT_VERSION = 4.2;
				TARGETED_DEVICE_FAMILY = "1,2";
				TEST_HOST = "$(BUILT_PRODUCTS_DIR)/Beauty God Mother.app/Beauty God Mother";
			};
			name = Debug;
		};
		5B16A04521DFB0AA0022DDE7 /* Release */ = {
			isa = XCBuildConfiguration;
			baseConfigurationReference = 1B9D4DE3D2073187C01E22B1 /* Pods-Beauty God MotherTests.release.xcconfig */;
			buildSettings = {
				ALWAYS_EMBED_SWIFT_STANDARD_LIBRARIES = YES;
				BUNDLE_LOADER = "$(TEST_HOST)";
				CODE_SIGN_STYLE = Automatic;
				INFOPLIST_FILE = "Beauty God MotherTests/Info.plist";
				LD_RUNPATH_SEARCH_PATHS = (
					"$(inherited)",
					"@executable_path/Frameworks",
					"@loader_path/Frameworks",
				);
				PRODUCT_BUNDLE_IDENTIFIER = "BGM.Beauty-God-MotherTests";
				PRODUCT_NAME = "$(TARGET_NAME)";
				SWIFT_VERSION = 4.2;
				TARGETED_DEVICE_FAMILY = "1,2";
				TEST_HOST = "$(BUILT_PRODUCTS_DIR)/Beauty God Mother.app/Beauty God Mother";
			};
			name = Release;
		};
		5B16A04721DFB0AA0022DDE7 /* Debug */ = {
			isa = XCBuildConfiguration;
			buildSettings = {
				ALWAYS_EMBED_SWIFT_STANDARD_LIBRARIES = YES;
				CODE_SIGN_STYLE = Automatic;
				INFOPLIST_FILE = "Beauty God MotherUITests/Info.plist";
				LD_RUNPATH_SEARCH_PATHS = (
					"$(inherited)",
					"@executable_path/Frameworks",
					"@loader_path/Frameworks",
				);
				PRODUCT_BUNDLE_IDENTIFIER = "BGM.Beauty-God-MotherUITests";
				PRODUCT_NAME = "$(TARGET_NAME)";
				SWIFT_VERSION = 4.2;
				TARGETED_DEVICE_FAMILY = "1,2";
				TEST_TARGET_NAME = "Beauty God Mother";
			};
			name = Debug;
		};
		5B16A04821DFB0AA0022DDE7 /* Release */ = {
			isa = XCBuildConfiguration;
			buildSettings = {
				ALWAYS_EMBED_SWIFT_STANDARD_LIBRARIES = YES;
				CODE_SIGN_STYLE = Automatic;
				INFOPLIST_FILE = "Beauty God MotherUITests/Info.plist";
				LD_RUNPATH_SEARCH_PATHS = (
					"$(inherited)",
					"@executable_path/Frameworks",
					"@loader_path/Frameworks",
				);
				PRODUCT_BUNDLE_IDENTIFIER = "BGM.Beauty-God-MotherUITests";
				PRODUCT_NAME = "$(TARGET_NAME)";
				SWIFT_VERSION = 4.2;
				TARGETED_DEVICE_FAMILY = "1,2";
				TEST_TARGET_NAME = "Beauty God Mother";
			};
			name = Release;
		};
/* End XCBuildConfiguration section */

/* Begin XCConfigurationList section */
		5B16A01321DFB0A70022DDE7 /* Build configuration list for PBXProject "Beauty God Mother" */ = {
			isa = XCConfigurationList;
			buildConfigurations = (
				5B16A03E21DFB0AA0022DDE7 /* Debug */,
				5B16A03F21DFB0AA0022DDE7 /* Release */,
			);
			defaultConfigurationIsVisible = 0;
			defaultConfigurationName = Release;
		};
		5B16A04021DFB0AA0022DDE7 /* Build configuration list for PBXNativeTarget "Beauty God Mother" */ = {
			isa = XCConfigurationList;
			buildConfigurations = (
				5B16A04121DFB0AA0022DDE7 /* Debug */,
				5B16A04221DFB0AA0022DDE7 /* Release */,
			);
			defaultConfigurationIsVisible = 0;
			defaultConfigurationName = Release;
		};
		5B16A04321DFB0AA0022DDE7 /* Build configuration list for PBXNativeTarget "Beauty God MotherTests" */ = {
			isa = XCConfigurationList;
			buildConfigurations = (
				5B16A04421DFB0AA0022DDE7 /* Debug */,
				5B16A04521DFB0AA0022DDE7 /* Release */,
			);
			defaultConfigurationIsVisible = 0;
			defaultConfigurationName = Release;
		};
		5B16A04621DFB0AA0022DDE7 /* Build configuration list for PBXNativeTarget "Beauty God MotherUITests" */ = {
			isa = XCConfigurationList;
			buildConfigurations = (
				5B16A04721DFB0AA0022DDE7 /* Debug */,
				5B16A04821DFB0AA0022DDE7 /* Release */,
			);
			defaultConfigurationIsVisible = 0;
			defaultConfigurationName = Release;
		};
/* End XCConfigurationList section */
	};
	rootObject = 5B16A01021DFB0A70022DDE7 /* Project object */;
}
